
Microsoft Visual Studio Solution File, Format Version 12.00
# Visual Studio 15
VisualStudioVersion = 15.0.27703.2042
MinimumVisualStudioVersion = 10.0.40219.1
Project("{FAE04EC0-301F-11D3-BF4B-00C04F79EFBC}") = "HM_Migration", "HM_Migration\HM_Migration.csproj", "{8B49348A-67BE-4217-B99B-493B191FDCFC}"
EndProject
Global
	GlobalSection(SolutionConfigurationPlatforms) = preSolution
		Debug|Any CPU = Debug|Any CPU
		Release|Any CPU = Release|Any CPU
	EndGlobalSection
	GlobalSection(ProjectConfigurationPlatforms) = postSolution
		{8B49348A-67BE-4217-B99B-493B191FDCFC}.Debug|Any CPU.ActiveCfg = Debug|Any CPU
		{8B49348A-67BE-4217-B99B-493B191FDCFC}.Debug|Any CPU.Build.0 = Debug|Any CPU
		{8B49348A-67BE-4217-B99B-493B191FDCFC}.Release|Any CPU.ActiveCfg = Release|Any CPU
		{8B49348A-67BE-4217-B99B-493B191FDCFC}.Release|Any CPU.Build.0 = Release|Any CPU
	EndGlobalSection
	GlobalSection(SolutionProperties) = preSolution
		HideSolutionNode = FALSE
	EndGlobalSection
	GlobalSection(ExtensibilityGlobals) = postSolution
		SolutionGuid = {28E59655-1F9A-4751-86E9-56D1A29F8A5C}
	EndGlobalSection
EndGlobal
